
Microsoft Visual Studio Solution File, Format Version 12.00
# Visual Studio 15
Project("{FAE04EC0-301F-11D3-BF4B-00C04F79EFBC}") = "New Unit", "Assembly-CSharp.csproj", "{D6AB4661-B6D6-63C9-9F73-456FE69DBAD4}"
EndProject
Global
	GlobalSection(SolutionConfigurationPlatforms) = preSolution
		Debug|Any CPU = Debug|Any CPU
		Release|Any CPU = Release|Any CPU
	EndGlobalSection
	GlobalSection(ProjectConfigurationPlatforms) = postSolution
		{D6AB4661-B6D6-63C9-9F73-456FE69DBAD4}.Debug|Any CPU.ActiveCfg = Debug|Any CPU
		{D6AB4661-B6D6-63C9-9F73-456FE69DBAD4}.Debug|Any CPU.Build.0 = Debug|Any CPU
		{D6AB4661-B6D6-63C9-9F73-456FE69DBAD4}.Release|Any CPU.ActiveCfg = Release|Any CPU
		{D6AB4661-B6D6-63C9-9F73-456FE69DBAD4}.Release|Any CPU.Build.0 = Release|Any CPU
	EndGlobalSection
	GlobalSection(SolutionProperties) = preSolution
		HideSolutionNode = FALSE
	EndGlobalSection
EndGlobal
